{
  "lockfileVersion": 1,
  "configVersion": 1,
  "workspaces": {
    "": {
      "name": "observatory",
      "dependencies": {
        "@effect/platform-bun": "0.91.2",
        "@elevenlabs/client": "^1.24.0",
        "@git-diff-view/react": "0.1.7",
        "@xterm/addon-fit": "^0.11.0",
        "@xterm/xterm": "^6.0.0",
        "effect": "3.22.1",
        "lucide-react": "^1.39.0",
        "react": "19.2.8",
        "react-dom": "19.2.8",
      },
      "devDependencies": {
        "@oxlint/plugins": "1.79.0",
        "@types/bun": "latest",
        "@types/react": "19.2.18",
        "@types/react-dom": "19.2.5",
        "@vitejs/plugin-react": "6.1.0",
        "oxfmt": "0.64.0",
        "oxlint": "1.79.0",
        "oxlint-tsgolint": "7.0.2001",
        "typescript": "5.8.3",
        "vite": "8.2.2",
      },
    },
  },
  "packages": {
    "@bufbuild/protobuf": ["@bufbuild/protobuf@1.10.1", "", {}, "sha512-wJ8ReQbHxsAfXhrf9ixl0aYbZorRuOWpBNzm8pL8ftmSxQx/wnJD5Eg861NwJU/czy2VXFIebCeZnZrI9rktIQ=="],

    "@effect/cluster": ["@effect/cluster@0.60.2", "", { "dependencies": { "kubernetes-types": "^1.30.0" }, "peerDependencies": { "@effect/platform": "^0.97.1", "@effect/rpc": "^0.76.2", "@effect/sql": "^0.52.1", "@effect/workflow": "^0.19.1", "effect": "^3.22.1" } }, "sha512-GEODN5kvFJ0L0XSkANcS8s6lfhjrrA8x/ezYUV/lXerqCHf5xo3ZTPUanGMHu5Byvikng0mZDcyNvke2sGjfSQ=="],

    "@effect/experimental": ["@effect/experimental@0.61.1", "", { "dependencies": { "uuid": "^11.0.3" }, "peerDependencies": { "@effect/platform": "^0.97.1", "effect": "^3.22.1", "ioredis": "^5", "lmdb": "^3" }, "optionalPeers": ["ioredis", "lmdb"] }, "sha512-+P+PgGQeE2fXmsm63YoyENNcQIc7OiCkY4/HLkEdTvq93syfGIpwDfQD8u3xODMHJhZ5ZtRZHH4+UedFO0tLiA=="],

    "@effect/platform": ["@effect/platform@0.97.1", "", { "dependencies": { "find-my-way-ts": "^0.1.6", "msgpackr": "^1.11.10", "multipasta": "^0.2.8" }, "peerDependencies": { "effect": "^3.22.1" } }, "sha512-IevWxwmrxCdeXxbXDx/hiOstHtERRigd1nhZSuHgiFEl7NkBmS/5GVWsRacq4NfJN2uCXqggETKNwij15VEpew=="],

    "@effect/platform-bun": ["@effect/platform-bun@0.91.2", "", { "dependencies": { "@effect/platform-node-shared": "^0.61.1", "multipasta": "^0.2.8" }, "peerDependencies": { "@effect/cluster": "^0.60.2", "@effect/platform": "^0.97.1", "@effect/rpc": "^0.76.2", "@effect/sql": "^0.52.1", "effect": "^3.22.1" } }, "sha512-lISuYdx54uX6BIu0AIwvIqG6mbFkT0UlqGWZm7Jn2V6Ni3nCumnaBfMxYrdGWJzkoGIi1xEkvmRRk5Ff7r6NEA=="],

    "@effect/platform-node-shared": ["@effect/platform-node-shared@0.61.1", "", { "dependencies": { "@parcel/watcher": "^2.5.1", "multipasta": "^0.2.8", "ws": "^8.18.2" }, "peerDependencies": { "@effect/cluster": "^0.60.1", "@effect/platform": "^0.97.1", "@effect/rpc": "^0.76.1", "@effect/sql": "^0.52.1", "effect": "^3.22.1" } }, "sha512-MJAJ1Nc43pYJb5ulFtdNID8klNyRLcbQ0zZ7XYRcBAlT/DrCyN4yAD89AzosmUyfOU+LMHdc8LTMt4rKNEMFaA=="],

    "@effect/rpc": ["@effect/rpc@0.76.2", "", { "dependencies": { "msgpackr": "^1.11.10" }, "peerDependencies": { "@effect/platform": "^0.97.1", "effect": "^3.22.1" } }, "sha512-x/4jvjufr1m3QWAace7G5Xh09DDcaeU7ijvS0Qumkan/hM89n19JClYnlV3IW93RACZInbgdyOVA+4kOQJ+JQQ=="],

    "@effect/sql": ["@effect/sql@0.52.1", "", { "dependencies": { "uuid": "^11.0.3" }, "peerDependencies": { "@effect/experimental": "^0.61.1", "@effect/platform": "^0.97.1", "effect": "^3.22.1" } }, "sha512-dUVPjlUgpga6sDa/MtYipHAqzHx2St41hxI00nXTBt4IBBJaf2lTGaOvlEoBg/q6PHVAgSoKnxe19pWUvabC9g=="],

    "@effect/workflow": ["@effect/workflow@0.19.1", "", { "peerDependencies": { "@effect/experimental": "^0.61.1", "@effect/platform": "^0.97.1", "@effect/rpc": "^0.76.2", "effect": "^3.22.1" } }, "sha512-irU6ddHdIxYOhv0cJiJTk2AUxRmPYjRJ5JdB5UCvpJC4vLCyR2XyKspiCNDiEX1aSGPhVWEXhVMWXR1cErMS3A=="],

    "@elevenlabs/client": ["@elevenlabs/client@1.24.0", "", { "dependencies": { "@elevenlabs/types": "0.23.0", "livekit-client": "^2.21.0" } }, "sha512-CxZzuG19wqZwo/+l3PBd+zExi48iN165dG7334A6Z1/WpwLOsY7V1NQVu96mAsxPwTwu9aAH41QZy0PvpwF0HA=="],

    "@elevenlabs/types": ["@elevenlabs/types@0.23.0", "", {}, "sha512-Lutf5CPLcCFmo4PkBA7hNT/UiFD0Pzr0gYadaJIqaOrJ2UEjmCQG+vN82G/PX8C9A+y6ew7cIEgA5jg0xQCTDg=="],

    "@git-diff-view/core": ["@git-diff-view/core@0.1.7", "", { "dependencies": { "@git-diff-view/lowlight": "^0.1.7", "fast-diff": "^1.3.0", "highlight.js": "^11.11.0", "lowlight": "^3.3.0" } }, "sha512-ZW/kumNoUQ8+DgawYhcrABa7TOALYzn3pe723uTHSy6/r35qAwgswJxF1bkdV9Zr+KHuhlFeRLiVhjij59qdIA=="],

    "@git-diff-view/lowlight": ["@git-diff-view/lowlight@0.1.7", "", { "dependencies": { "@types/hast": "^3.0.0", "highlight.js": "^11.11.0", "lowlight": "^3.3.0" } }, "sha512-Rkv2ERr83xTSsjlrJxjYVWndREEARG11viTrJ7qyUU+lnPPmSNF1aemp1lKiOLs6sNCeJJdIMhxLFJtKfmRIZw=="],

    "@git-diff-view/react": ["@git-diff-view/react@0.1.7", "", { "dependencies": { "@git-diff-view/core": "^0.1.7", "@types/hast": "^3.0.0", "fast-diff": "^1.3.0", "highlight.js": "^11.11.0", "lowlight": "^3.3.0", "reactivity-store": "^0.4.0", "use-sync-external-store": "^1.6.0" }, "peerDependencies": { "react": "^16.8.0 || ^17.0.0 || ^18.0.0 || ^19.0.0", "react-dom": "^16.8.0 || ^17.0.0 || ^18.0.0 || ^19.0.0" } }, "sha512-EMBFgeSpP3nF8hJwy/3bz8sZpxmyuWV20925oTGhslWXpIgg6AZg+KMRmQkz/WjX0D/2LrC3gQZJLE/5x6mfnw=="],

    "@livekit/mutex": ["@livekit/mutex@1.1.1", "", {}, "sha512-EsshAucklmpuUAfkABPxJNhzj9v2sG7JuzFDL4ML1oJQSV14sqrpTYnsaOudMAw9yOaW53NU3QQTlUQoRs4czw=="],

    "@livekit/protocol": ["@livekit/protocol@1.50.4", "", { "dependencies": { "@bufbuild/protobuf": "^1.10.0" } }, "sha512-L1uggNQAqyY21smQY8AllyOYbcv9Me9TaxwuLytL1R8ck9nbYPmQLNwEDi3pOFGAMa5F8I2nUi2Jc59W5awxlA=="],

    "@msgpackr-extract/msgpackr-extract-darwin-arm64": ["@msgpackr-extract/msgpackr-extract-darwin-arm64@3.0.4", "", { "os": "darwin", "cpu": "arm64" }, "sha512-LCkGo6JDfaBhgST7UpPWgNgLINpcpabaHfyz5OBx75nUYxBsaEPxjnyNjWpeb/xBup/682QnBfRBy2/LvPutZQ=="],

    "@msgpackr-extract/msgpackr-extract-darwin-x64": ["@msgpackr-extract/msgpackr-extract-darwin-x64@3.0.4", "", { "os": "darwin", "cpu": "x64" }, "sha512-zExlW9zUJKZH/tOtVMttwjKa4Xm/3KcNjnE3dPN92uCktwavMxpgCA3MoJK/DOnTWsQgo224OaST27/mPNAf+w=="],

    "@msgpackr-extract/msgpackr-extract-linux-arm": ["@msgpackr-extract/msgpackr-extract-linux-arm@3.0.4", "", { "os": "linux", "cpu": "arm" }, "sha512-Tg3yX65f5GbtXLkrYEHE5oibZG9epyYWas7FogTTEJeDEF9JlXJzKgXaNhT3UXlTOeA+AfZpYZYZ0uPj7Cfquw=="],

    "@msgpackr-extract/msgpackr-extract-linux-arm64": ["@msgpackr-extract/msgpackr-extract-linux-arm64@3.0.4", "", { "os": "linux", "cpu": "arm64" }, "sha512-dgX0P/9wGPJeHFBG+ZmhgE6bmtMt7NP5CRBGyyktpopdk/mW4POnrpQsSLtKI1dwpc+pPLuXHDh6vvskyQE/sw=="],

    "@msgpackr-extract/msgpackr-extract-linux-x64": ["@msgpackr-extract/msgpackr-extract-linux-x64@3.0.4", "", { "os": "linux", "cpu": "x64" }, "sha512-8TNXMEjJc3QEy7R/x1INhgiU+XakDAFUzBhaz7+Rbrs8NH5UQeHQxxmzsSBJGyV6I1jW79undiQm8tOI+D+8FQ=="],

    "@msgpackr-extract/msgpackr-extract-win32-x64": ["@msgpackr-extract/msgpackr-extract-win32-x64@3.0.4", "", { "os": "win32", "cpu": "x64" }, "sha512-CmCXPQrkbwExx3j946/PtHWHbYJiCRBRDl4BlkRQcJB/YOwQxJRTpoo7aTsortjgoJ1x7opzTSxn7C+ASSLVjQ=="],

    "@oxc-project/types": ["@oxc-project/types@0.146.0", "", {}, "sha512-XC0QsnnhVe7sLIWmYmdPw7x5P0h4W8vUU3Nv1ySgWXtvCz8NizoAEpGXA0sOYoJQV2Rl13LgURAHQ5cI5ILCSA=="],

    "@oxfmt/binding-android-arm-eabi": ["@oxfmt/binding-android-arm-eabi@0.64.0", "", { "os": "android", "cpu": "arm" }, "sha512-o6uzh/jTOQeAY5TdkAeXdqv7MBRcPxiRA08zrcBtkKj5cSu/FMu0Hl7Q6Fi1KCKyCWZ6lJVjBzdsJvsKltUsGQ=="],

    "@oxfmt/binding-android-arm64": ["@oxfmt/binding-android-arm64@0.64.0", "", { "os": "android", "cpu": "arm64" }, "sha512-jRGSUeeP7p3Gynw2YaCVtjBIA6ZxY6bEB/ES5i54OhqmRTyuVg7ZgstEtzgq6GOAJd+2QZ5pvf+bFfmW5Mp9cw=="],

    "@oxfmt/binding-darwin-arm64": ["@oxfmt/binding-darwin-arm64@0.64.0", "", { "os": "darwin", "cpu": "arm64" }, "sha512-JINwtU2lW7nOFSqi+H2qplipNUqah9Gc1jgGmB82kTD4UnZrZIVxCJ9qEmFiKfjNq27gYLFhrUb0to86aCwMjw=="],

    "@oxfmt/binding-darwin-x64": ["@oxfmt/binding-darwin-x64@0.64.0", "", { "os": "darwin", "cpu": "x64" }, "sha512-gCmuswrgrOSajV4HCRFkVCGIruPq8bjYuPYgSE2WQB3mD6XrdyZ3JMSRZCkQ8zCxOyGWriBo6QoZ5nmMHQ1BfA=="],

    "@oxfmt/binding-freebsd-x64": ["@oxfmt/binding-freebsd-x64@0.64.0", "", { "os": "freebsd", "cpu": "x64" }, "sha512-Ab8g7a38pT0MMImjh7anRSTve6buWBIlcXIFBYa5xl4s6UxEgKSc2xOOhbGtLwvXnEi2PsEDGoJh3oUU7xkehQ=="],

    "@oxfmt/binding-linux-arm-gnueabihf": ["@oxfmt/binding-linux-arm-gnueabihf@0.64.0", "", { "os": "linux", "cpu": "arm" }, "sha512-BgvS3CoQ+Xy2deoZqEN8JVKabcCZi2RxA3yant8G9OAv9KuPJ9TCjHkqigzdHUVwErZxEP5d2bzLIEyKYyBDLg=="],

    "@oxfmt/binding-linux-arm-musleabihf": ["@oxfmt/binding-linux-arm-musleabihf@0.64.0", "", { "os": "linux", "cpu": "arm" }, "sha512-QXpNxwoMj0YvnceCNZadNSden3bIcnvjn/sDp/rwZhRoZoZYGpHvtPyhGsdJz9uvT9GkaMW7SsLddurU56dt8w=="],

    "@oxfmt/binding-linux-arm64-gnu": ["@oxfmt/binding-linux-arm64-gnu@0.64.0", "", { "os": "linux", "cpu": "arm64" }, "sha512-BBgH3I1ppDsI5pZ4Pdhw0ceYxwVCfbU/bZEBCeZ6caRS9x0ZabErxubP7riGUn11PXZBhe8DYdjkDKP1FlVQ5w=="],

    "@oxfmt/binding-linux-arm64-musl": ["@oxfmt/binding-linux-arm64-musl@0.64.0", "", { "os": "linux", "cpu": "arm64" }, "sha512-v19HSjC/BGXdt26qEvKZtwAHgGmQ2Agcap2kQP+KIqoRZqivVzYth3ui2dJA1i+6/fjpjga85lIOaJJjQ/bOOw=="],

    "@oxfmt/binding-linux-ppc64-gnu": ["@oxfmt/binding-linux-ppc64-gnu@0.64.0", "", { "os": "linux", "cpu": "ppc64" }, "sha512-PElLnOo4xFTBZrxPhgTIj0eHqZXwEBQoNWtb7facUV170T0B0FRET0iNbb3LUeLWTybkUW+vsdyv4ihOdyXGyw=="],

    "@oxfmt/binding-linux-riscv64-gnu": ["@oxfmt/binding-linux-riscv64-gnu@0.64.0", "", { "os": "linux", "cpu": "none" }, "sha512-Qzsg15n4F5CH+MorcRW4MkAEMiLzXmeG+DiDSbP/bBTqCmWOH3K9DHryNrve+JHlV0txS+B6Z9P5Xz+cmWeL+g=="],

    "@oxfmt/binding-linux-riscv64-musl": ["@oxfmt/binding-linux-riscv64-musl@0.64.0", "", { "os": "linux", "cpu": "none" }, "sha512-/GZ358wnQ/Ez4UVnCcZIi56JkY0sOdZ+B108pqXKqZz3jLS59F4KEAB1Qv3fRlObrFEk+3L2vUQ/xoPx+3vjXw=="],

    "@oxfmt/binding-linux-s390x-gnu": ["@oxfmt/binding-linux-s390x-gnu@0.64.0", "", { "os": "linux", "cpu": "s390x" }, "sha512-/C9We3DXegowfLXtVCYHeNiU9azwCDr5cQkEtCVlc74vyn+lLQSPApJ1CZmxAduqeq/Oi3gQ+IVptyhCaTMtkQ=="],

    "@oxfmt/binding-linux-x64-gnu": ["@oxfmt/binding-linux-x64-gnu@0.64.0", "", { "os": "linux", "cpu": "x64" }, "sha512-91KM2CeRWscIEHlj1NsW2WSnzGeq1Ehq+39bfDowTdkn+fcvK/x4Y1RcyqT7glyBjZio0ldkeCG6Usj3v7ASog=="],

    "@oxfmt/binding-linux-x64-musl": ["@oxfmt/binding-linux-x64-musl@0.64.0", "", { "os": "linux", "cpu": "x64" }, "sha512-gw7uEk9I+7zoT1EYLra1eWArIzNcz8e3jkv+Noo2+o2T7wPvsNSQbfoa4DSfZlvn1i6mJ05RiZ4/omaXPDNhQg=="],

    "@oxfmt/binding-openharmony-arm64": ["@oxfmt/binding-openharmony-arm64@0.64.0", "", { "os": "none", "cpu": "arm64" }, "sha512-HYHFf616FHSPSO07c09mjmXBfQ73wIVM3m0txOiooa5XZkGoxFd6B14PVj0LB0DXIqJ6wAO/dDR/NX/5UUaqnw=="],

    "@oxfmt/binding-win32-arm64-msvc": ["@oxfmt/binding-win32-arm64-msvc@0.64.0", "", { "os": "win32", "cpu": "arm64" }, "sha512-uQjFp081IZSWD6VAofX2iO2z01awAdHmfC+NrieWIPKrT2hZKQDyq/U18M7ifC0sm0Wz8aHY/p6+FDYIzs/CrQ=="],

    "@oxfmt/binding-win32-ia32-msvc": ["@oxfmt/binding-win32-ia32-msvc@0.64.0", "", { "os": "win32", "cpu": "ia32" }, "sha512-lNM6byTAQ881jugzFu8juJTbNRgsUTlswMA6pJmwi1XDvmIqnnb49lcUAs5gz94fCJLrVN+/X3s3jOKqx23WIQ=="],

    "@oxfmt/binding-win32-x64-msvc": ["@oxfmt/binding-win32-x64-msvc@0.64.0", "", { "os": "win32", "cpu": "x64" }, "sha512-BtmbtL/QjMtF1a6C3CqoDluH2IfB6fJt62E+B9RFfUPtFk4Iz9PFS6+y/SzzOvSxc7aUk2Kphwg7Dh8lMbwu6g=="],

    "@oxlint-tsgolint/darwin-arm64": ["@oxlint-tsgolint/darwin-arm64@7.0.2001", "", { "os": "darwin", "cpu": "arm64" }, "sha512-CUJEdbSZ54+Xy9OXqOhWLTKZKV0BBiV7C2i/ygyVmXtkUNXx5YCzN8DpSSshTAKktoL7S+tnQ/ftFG/i7X896w=="],

    "@oxlint-tsgolint/darwin-x64": ["@oxlint-tsgolint/darwin-x64@7.0.2001", "", { "os": "darwin", "cpu": "x64" }, "sha512-pXfBb5BqONCcgrXQNUZWXgiYmRSWJzd97S8i41VVOh6ut0tyo+cJ5FKFpczDHxiVNfj/3e7c9B4MtztNdpIVCw=="],

    "@oxlint-tsgolint/linux-arm64": ["@oxlint-tsgolint/linux-arm64@7.0.2001", "", { "os": "linux", "cpu": "arm64" }, "sha512-roP7zujb/QDPzDwEKsFFpzNHHy91/Y7oX9vQXk78ekyZtcQj1QXDIMH33gjDdHBfRl4K9pZ36xhRgrP4Zr+R8A=="],

    "@oxlint-tsgolint/linux-x64": ["@oxlint-tsgolint/linux-x64@7.0.2001", "", { "os": "linux", "cpu": "x64" }, "sha512-UDezNqdECVmngu2TPnjaS1YoAmcTaBoI5lV9vk3VahBxoi+I5r9k3iJTT7qZoYWOXTD/7T7bNcwRgrocR6BscQ=="],

    "@oxlint-tsgolint/win32-arm64": ["@oxlint-tsgolint/win32-arm64@7.0.2001", "", { "os": "win32", "cpu": "arm64" }, "sha512-uJZhqB6pdXLuN+AD1F5082byyQti/NPmJA77GtcFlmT2HzRelqbNls3SaIqxpjdFgvSBF9g0yOKGBkGFg7kX8Q=="],

    "@oxlint-tsgolint/win32-x64": ["@oxlint-tsgolint/win32-x64@7.0.2001", "", { "os": "win32", "cpu": "x64" }, "sha512-FkDRm8hx9OwzGQqyWG1tO5QrTLRApff9DzSgpz9QZau37BR8d1VYKOxMLGf6shPZntJFoTwIIJYT68VndYDCog=="],

    "@oxlint/binding-android-arm-eabi": ["@oxlint/binding-android-arm-eabi@1.79.0", "", { "os": "android", "cpu": "arm" }, "sha512-TebFaaMklO/RXzTv7PucaCq9l3X6D1gA+C8H6K4njtjFOV+zWE9MKLpulcJZN9bzytbUbQIY0mZuz12nQ5Kv4Q=="],

    "@oxlint/binding-android-arm64": ["@oxlint/binding-android-arm64@1.79.0", "", { "os": "android", "cpu": "arm64" }, "sha512-KqqnOtAVgNsPPF0YSodkFZA1O80jcKoCZCTu3bgsszxA+MrMP9TLzfXitKjEj1FmrPprKDMdRDMmY3weESO9sg=="],

    "@oxlint/binding-darwin-arm64": ["@oxlint/binding-darwin-arm64@1.79.0", "", { "os": "darwin", "cpu": "arm64" }, "sha512-BVC2nsMzqQzRDPc5RhixkZ+m1p7iH4bxRRvqkbwDXX0PlQKm1BPy8J8cRjnAFafOq2QzI+BfO3vE8w2GZ3CBag=="],

    "@oxlint/binding-darwin-x64": ["@oxlint/binding-darwin-x64@1.79.0", "", { "os": "darwin", "cpu": "x64" }, "sha512-p6Lm+snmhGuLKL1+CpCV8L6ijkE/qJzK2H2jG9+eKJT0n31RbY4FLsdhexekgP3bLpw4Kgde+9DZuDZQ4yIInA=="],

    "@oxlint/binding-freebsd-x64": ["@oxlint/binding-freebsd-x64@1.79.0", "", { "os": "freebsd", "cpu": "x64" }, "sha512-qDMm0dXZnoHyRqSL4N4xUq82T4sqK5cbKSjvd/dF/YbMUXc2R1wEPf+vmA5S0qUmi0nwXfNbjXBtZaIqzQLIMg=="],

    "@oxlint/binding-linux-arm-gnueabihf": ["@oxlint/binding-linux-arm-gnueabihf@1.79.0", "", { "os": "linux", "cpu": "arm" }, "sha512-2od7s0nuKPzqyUZAWk9KkCyGg7eI9dwFPZg+20lB15fKFkVZ0c9ZFxqPfiBAyDTlTkh9stPI0t+JlPCqMbItVA=="],

    "@oxlint/binding-linux-arm-musleabihf": ["@oxlint/binding-linux-arm-musleabihf@1.79.0", "", { "os": "linux", "cpu": "arm" }, "sha512-ZOQUjkzDnvlhSE3+tWC3YXx94MMl+sYMlwH+u1+YGApGHOJP/YAc8ZBRFOXZ6eOBmxtXAWuS/fBcdZr8qqNO1A=="],

    "@oxlint/binding-linux-arm64-gnu": ["@oxlint/binding-linux-arm64-gnu@1.79.0", "", { "os": "linux", "cpu": "arm64" }, "sha512-lu158FR4nGqGeRS3BQvtG85wRgU/Fy4MD5Cxp1hzJXizGiLo6u2742wJSCDKh8cFcZntvX7fcxlq4mMmfryH1g=="],

    "@oxlint/binding-linux-arm64-musl": ["@oxlint/binding-linux-arm64-musl@1.79.0", "", { "os": "linux", "cpu": "arm64" }, "sha512-mbpKQeE2aflTjddaHK7MP8KP/OFbUM++lt5M635ENM8IyIdK0jm2t9pb+2v9mVVIvhF6TqA4l7F79Pll1mi+uw=="],

    "@oxlint/binding-linux-ppc64-gnu": ["@oxlint/binding-linux-ppc64-gnu@1.79.0", "", { "os": "linux", "cpu": "ppc64" }, "sha512-WpGNua7gaxaHnpSDeog2ji8IDHn/QLPl9LPzwkR/FvVv58vT5BcXjRXnU+wbu3N75cpeha8CdC7ho/U2OIsB4g=="],

    "@oxlint/binding-linux-riscv64-gnu": ["@oxlint/binding-linux-riscv64-gnu@1.79.0", "", { "os": "linux", "cpu": "none" }, "sha512-tK1E93A5LVzISg4ngpKJnfTs7EqtIUceGI7MQ4GyDjJiLi8wPCkEyKlj2xkyKWZ1yzkDJyLHTBJ5/iFWRdnJvg=="],

    "@oxlint/binding-linux-riscv64-musl": ["@oxlint/binding-linux-riscv64-musl@1.79.0", "", { "os": "linux", "cpu": "none" }, "sha512-qhQvUIrngXivA2A9pQ+xPCychztn/5qUv7yS3gDwXv3w7Rag+eTeeXWmRyx+t7XsW5x6LuY/8AsTq36UgFIblg=="],

    "@oxlint/binding-linux-s390x-gnu": ["@oxlint/binding-linux-s390x-gnu@1.79.0", "", { "os": "linux", "cpu": "s390x" }, "sha512-sv6AaVgU/eE6u+6WFiQVDcPPwTxP6IJMSB9k701W2r/r6Tx465e8vPvVyRxquNH4Vy6KwRNu90mVbxXJN8+5gg=="],

    "@oxlint/binding-linux-x64-gnu": ["@oxlint/binding-linux-x64-gnu@1.79.0", "", { "os": "linux", "cpu": "x64" }, "sha512-iFZL02deziHslb3jEX9KdqlAkYoo4fGyotchKDzdfK1f5mxlIBeiQeHhvK3iFpuEJSB4ma/qeFn9oxPiwnhUPQ=="],

    "@oxlint/binding-linux-x64-musl": ["@oxlint/binding-linux-x64-musl@1.79.0", "", { "os": "linux", "cpu": "x64" }, "sha512-3DtZR2raqObnh7wXZoFYFd0Fw7skBvcb3f7A+/lkEiDuh8hrE6vv9b/62Qxao1a9/OeHLw/FcXlXzgsW9wTRFg=="],

    "@oxlint/binding-openharmony-arm64": ["@oxlint/binding-openharmony-arm64@1.79.0", "", { "os": "none", "cpu": "arm64" }, "sha512-Oatt4GuA1WJkqzk2ozx4HrWROOi7opV3AKDw/U8qDIqeTqzsjn5K2x3REJMNjU3/KU/Bkq96Zi3CknaiDTaC/Q=="],

    "@oxlint/binding-win32-arm64-msvc": ["@oxlint/binding-win32-arm64-msvc@1.79.0", "", { "os": "win32", "cpu": "arm64" }, "sha512-NAgZr9Qp8nIA9rpo0JEvwiabTF/2UVqBNnupBG9X4kxXcQoScJUTi+qHhvabb9s/thgj5wQ4XcIaJvb+ZMgoKw=="],

    "@oxlint/binding-win32-ia32-msvc": ["@oxlint/binding-win32-ia32-msvc@1.79.0", "", { "os": "win32", "cpu": "ia32" }, "sha512-+KyXjIvcpaXmWW/j9NNY5yWjrIVxaX18VyIheQy3jwc2GSYgpCr7MGI/HxIGQ/shAL5IWEKbhsqoMpAO5Stiog=="],

    "@oxlint/binding-win32-x64-msvc": ["@oxlint/binding-win32-x64-msvc@1.79.0", "", { "os": "win32", "cpu": "x64" }, "sha512-mEelcCMMBS57sIXh2veGMNy+pQwuGtcMxHxGIZWQ5Ba9pJ5jCCUFOZB9E2JhBaxGsURe+WGe0zJp4RVre52gpQ=="],

    "@oxlint/plugins": ["@oxlint/plugins@1.79.0", "", {}, "sha512-S0uyoxakDINJ4DPgqxGlEEvrdSMeQb7Z2lKVjxoY2gwsbZbfg2Xr8Klfeo5ZeraHmmdBCELFUHkSe6KEmBpMvg=="],

    "@parcel/watcher": ["@parcel/watcher@2.6.0", "", { "dependencies": { "detect-libc": "^2.0.3", "is-glob": "^4.0.3", "node-addon-api": "^7.0.0", "picomatch": "^4.0.4" }, "optionalDependencies": { "@parcel/watcher-android-arm64": "2.6.0", "@parcel/watcher-darwin-arm64": "2.6.0", "@parcel/watcher-darwin-x64": "2.6.0", "@parcel/watcher-freebsd-x64": "2.6.0", "@parcel/watcher-linux-arm-glibc": "2.6.0", "@parcel/watcher-linux-arm-musl": "2.6.0", "@parcel/watcher-linux-arm64-glibc": "2.6.0", "@parcel/watcher-linux-arm64-musl": "2.6.0", "@parcel/watcher-linux-x64-glibc": "2.6.0", "@parcel/watcher-linux-x64-musl": "2.6.0", "@parcel/watcher-win32-arm64": "2.6.0", "@parcel/watcher-win32-x64": "2.6.0" } }, "sha512-7FNeNl8NCE7aINx7WXiKQrPYZWC/hvrTsmk6zmxbI7LTXE7hVek/n8AfVgpe2y82zl3w0HvCHN0bVKMBoJcC0w=="],

    "@parcel/watcher-android-arm64": ["@parcel/watcher-android-arm64@2.6.0", "", { "os": "android", "cpu": "arm64" }, "sha512-trgpLSCKRC/huFjXX/Smh+0sWe4+YtKfktIToiMl59ghz7z+qkH6kMvNnUbLyRs9N11t8l4svSCs1+5B3rOAhA=="],

    "@parcel/watcher-darwin-arm64": ["@parcel/watcher-darwin-arm64@2.6.0", "", { "os": "darwin", "cpu": "arm64" }, "sha512-Y3QV0gl7Q1zbfueunkWIERICbEojQFCgpyG7YqOGNFLsckXyI1xu9mAIUpKY9QBYzBtSkN8dBPwd3yiAO9ovMw=="],

    "@parcel/watcher-darwin-x64": ["@parcel/watcher-darwin-x64@2.6.0", "", { "os": "darwin", "cpu": "x64" }, "sha512-Ohv6OpzhUfKYD7Beb8kDvG0jbIxORCYY1JRdZnaBtnjjkJxgD7ZVL0nw2sCYd0yTMKTvz3nnTnOF3cDifK+kvw=="],

    "@parcel/watcher-freebsd-x64": ["@parcel/watcher-freebsd-x64@2.6.0", "", { "os": "freebsd", "cpu": "x64" }, "sha512-5HmXvDgs8VK+74jF9y9/2FE3/OnlcKmc56tjmSrEuZjpSZOGL+fvAu+HKJBdPs9uwoP2hE6TlSUpXZ/C5jUFmQ=="],

    "@parcel/watcher-linux-arm-glibc": ["@parcel/watcher-linux-arm-glibc@2.6.0", "", { "os": "linux", "cpu": "arm" }, "sha512-Ps/hui3A+vMbjdqlqAowK2ZL8+BO8dBjxeWXj6npTBs3jx4wWmbPpaLuqwrQrSqIVMCnpWo238bJ1U37GhQOYg=="],

    "@parcel/watcher-linux-arm-musl": ["@parcel/watcher-linux-arm-musl@2.6.0", "", { "os": "linux", "cpu": "arm" }, "sha512-9c6AUHgHoG+IY88MRIHupztQiQnrbqHYQjkM2btA+Bf/wQnQMuiD0Wfk1EVv3TlNT3x41uU71rn6E4xh/+zvkw=="],

    "@parcel/watcher-linux-arm64-glibc": ["@parcel/watcher-linux-arm64-glibc@2.6.0", "", { "os": "linux", "cpu": "arm64" }, "sha512-yHRqS2owEXe6Hic9z6Mh1ECsCd+ODVOGvZDyciqRd21+v+o+DnXMOrw50DSpIG2sb8GPEaPPmfeCAWKPJdq46g=="],

    "@parcel/watcher-linux-arm64-musl": ["@parcel/watcher-linux-arm64-musl@2.6.0", "", { "os": "linux", "cpu": "arm64" }, "sha512-WhB2e/V7rqdHHWZusBSPuy5Ei8S6lSz6FE5TKKQz5h3a0O+C+mhY7vxU9b/stqvMb8beLnPY82ZrFTLKs+SrKA=="],

    "@parcel/watcher-linux-x64-glibc": ["@parcel/watcher-linux-x64-glibc@2.6.0", "", { "os": "linux", "cpu": "x64" }, "sha512-ulGE6x6Oz6iAwg75T8YQSoguBWasniIbX+QWpaYPcCnDOpdWX3k+4xbEYPZVLxOuoJI+svJJPD3sEj8G7lrQ3A=="],

    "@parcel/watcher-linux-x64-musl": ["@parcel/watcher-linux-x64-musl@2.6.0", "", { "os": "linux", "cpu": "x64" }, "sha512-tkBYKt7YQrjIJWYDnto2YgO8MRkjlMTSNoRHzsXinBqbLdeOM3L32wPZJvIZxqaLMfSlS/4sUjH/6STVP/XDLw=="],

    "@parcel/watcher-win32-arm64": ["@parcel/watcher-win32-arm64@2.6.0", "", { "os": "win32", "cpu": "arm64" }, "sha512-gIZAP23jaHjGWasY/TY6yL7NHFClf0Ga7FN+iINvk+KN94rhm94lYZhFsbYFNcA04/onvGD9kKmiJLJB2HbNwQ=="],

    "@parcel/watcher-win32-x64": ["@parcel/watcher-win32-x64@2.6.0", "", { "os": "win32", "cpu": "x64" }, "sha512-cA+/pXV2YkfxlIcXOQ5fSWqAzzPyD78/x5qbK/I0vUkrlYHA8TIz+MXjAbGouguKVSI4bOmkTSJ1/poVSsgt+A=="],

    "@rolldown/binding-android-arm-eabi": ["@rolldown/binding-android-arm-eabi@1.2.5", "", { "os": "android", "cpu": "arm" }, "sha512-DLe/i+l8ynIBY7XEQ191TeZvCoowIGa18R+dIV30GW7DiOtp74i/xX8hs8GUjW5ARV7VZuie3d6AumSmCwbeRA=="],

    "@rolldown/binding-android-arm64": ["@rolldown/binding-android-arm64@1.2.5", "", { "os": "android", "cpu": "arm64" }, "sha512-zXcwKlQApYAOELHd8PwKDFkagYF9Wy4e0RJ+0qnzl9Pjnpj75TEG8ufv40p2J7kCEfwZAsNiuzRIyNNMWT38ig=="],

    "@rolldown/binding-darwin-arm64": ["@rolldown/binding-darwin-arm64@1.2.5", "", { "os": "darwin", "cpu": "arm64" }, "sha512-dK4QakI42nzWgJT5sm4y4y/O//D4OxM75/cH28RLV+nzIN9AY+YsbuUVrUTjlLjXR6vpyxFbSsbmNuJ6BP9sww=="],

    "@rolldown/binding-darwin-x64": ["@rolldown/binding-darwin-x64@1.2.5", "", { "os": "darwin", "cpu": "x64" }, "sha512-fqSALaUu1Wjd1nK2uW2kJDWdLCc8lx1IcY+MTY26Aurfdx19anlzhqXOgCFbBFQnlFDTn4TC1/7Nz4Bl2mLP3A=="],

    "@rolldown/binding-freebsd-x64": ["@rolldown/binding-freebsd-x64@1.2.5", "", { "os": "freebsd", "cpu": "x64" }, "sha512-/vCnNxlkxs9tKxNDcyWUePpJ/PgTzxIaVhoM5SmG8UV+GR/IcPam4VYxi7GIMo7PSDuNqlJqvprqii9NqqVCMw=="],

    "@rolldown/binding-linux-arm-gnueabihf": ["@rolldown/binding-linux-arm-gnueabihf@1.2.5", "", { "os": "linux", "cpu": "arm" }, "sha512-abk0NLA519LxRCszmbE0jYKuQ9YPocOXTiOXOo6Yr+YAT95VH+PtqYAjOJvGKt3viEd/x4qzabAlwd5bHOOARg=="],

    "@rolldown/binding-linux-arm64-gnu": ["@rolldown/binding-linux-arm64-gnu@1.2.5", "", { "os": "linux", "cpu": "arm64" }, "sha512-Y7eALiJ8lr0M2HH103Js+g7V34wf6snlpZLAsHI90uLhr3PVlNsbFVAXJC9d/V6BnPyKtpSwI+NcB/RLxsQxuA=="],

    "@rolldown/binding-linux-arm64-musl": ["@rolldown/binding-linux-arm64-musl@1.2.5", "", { "os": "linux", "cpu": "arm64" }, "sha512-xMvZgnbZg4YVnR/AX2b3oOPDTFYJvUVaJg5FedA/LuvexAtXibZQej4cnTkw3rjsJ/ggUROB64TdtETiim+FYA=="],

    "@rolldown/binding-linux-ppc64-gnu": ["@rolldown/binding-linux-ppc64-gnu@1.2.5", "", { "os": "linux", "cpu": "ppc64" }, "sha512-GRjeqTUDHTo5GwntsLaAMcBahG3nlpjftXWZLN73HiYQlhwEowvarFgQnRnQZtIp4keXX7quXFbG38uPZBa2EA=="],

    "@rolldown/binding-linux-s390x-gnu": ["@rolldown/binding-linux-s390x-gnu@1.2.5", "", { "os": "linux", "cpu": "s390x" }, "sha512-vLNTR45F2Uwc8AufkNXPmB4VliaXs+FvcheEogIzOXzO4l+LzieXF5A/TWxLy5HtqpsRCHUfd0lPVrrdgXdLHQ=="],

    "@rolldown/binding-linux-x64-gnu": ["@rolldown/binding-linux-x64-gnu@1.2.5", "", { "os": "linux", "cpu": "x64" }, "sha512-Mgj59/HTuYeK9Gz2MA+mBWKnHsAgkBSec15ZMb1st3oIfFbX7gCjOae7GydHhzcyQi9Z/7M1QuN9bR3oFqF0jQ=="],

    "@rolldown/binding-linux-x64-musl": ["@rolldown/binding-linux-x64-musl@1.2.5", "", { "os": "linux", "cpu": "x64" }, "sha512-mY8AP0/ichsbhAxGnLa3d3+MwV0EfgrPND2bplI3Ym8T6R2pJ0N87bvrKVwNXmdy3jnr6eQBecdqx/HMknBmpA=="],

    "@rolldown/binding-openharmony-arm64": ["@rolldown/binding-openharmony-arm64@1.2.5", "", { "os": "none", "cpu": "arm64" }, "sha512-8SLssA2oweAxyRgDp789ACfRb/3P+zNRJpzZxSizxF9m8NUDQ4+3xjo8ttjhVGGw6Qxb70oZiEtIjaKikCO7Yw=="],

    "@rolldown/binding-win32-arm64-msvc": ["@rolldown/binding-win32-arm64-msvc@1.2.5", "", { "os": "win32", "cpu": "arm64" }, "sha512-vGbruD5zquhoc8D9SViXgN2FBJtNdTyQ4DtG+SWiEGlJiAzoKcZ2xp+xuXCffhubVdt0NJlTZqkeRuERy7g8Cw=="],

    "@rolldown/binding-win32-x64-msvc": ["@rolldown/binding-win32-x64-msvc@1.2.5", "", { "os": "win32", "cpu": "x64" }, "sha512-e/SXpgISz+IoqVcSSI0rx/d/he8zqLex+/rCWpnHpmVfmPIUjag9H6P7zotf0gJHwPUhQxZ/mF8tr6acebT9yw=="],

    "@rolldown/pluginutils": ["@rolldown/pluginutils@1.0.1", "", {}, "sha512-2j9bGt5Jh8hj+vPtgzPtl72j0yRxHAyumoo6TNfAjsLB04UtpSvPbPcDcBMxz7n+9CYB0c1GxQFxYRg2jimqGw=="],

    "@standard-schema/spec": ["@standard-schema/spec@1.1.0", "", {}, "sha512-l2aFy5jALhniG5HgqrD6jXLi/rUWrKvqN/qJx6yoJsgKhblVd+iqqU4RCXavm/jPityDo5TCvKMnpjKnOriy0w=="],

    "@types/bun": ["@types/bun@1.4.0", "", { "dependencies": { "bun-types": "1.4.0" } }, "sha512-K+lZULY23vRgK/CfTjFIV+tyifaNdSMlPh9j+6mQ/cLfpOznLyAuzgV/JQysyECpkBQLVMSyvjlr2fBUSA9wFQ=="],

    "@types/dom-mediacapture-record": ["@types/dom-mediacapture-record@1.0.22", "", {}, "sha512-mUMZLK3NvwRLcAAT9qmcK+9p7tpU2FHdDsntR3YI4+GY88XrgG4XiE7u1Q2LAN2/FZOz/tdMDC3GQCR4T8nFuw=="],

    "@types/hast": ["@types/hast@3.0.5", "", { "dependencies": { "@types/unist": "*" } }, "sha512-rp/ezSWaD1m44dPKICGhiskI13nVr7qTloFwDa/IYkhhf5nzwP+zIQcIJh3WIFSBOy/H1PzB40jPjMDksN4F+g=="],

    "@types/node": ["@types/node@26.2.0", "", { "dependencies": { "undici-types": "~8.3.0" } }, "sha512-5IviulTZeRNp2vAJ514cc/HUlY5nZ9fCbq9DMyC52BrhFZACo3nI0R7qBxhQmo/d27NFe96ur/b7Wwxklda+kg=="],

    "@types/react": ["@types/react@19.2.18", "", { "dependencies": { "csstype": "^3.2.2" } }, "sha512-AnzbBERsrLKtk2XSfTbYRLjQPdy116Sty4q+T+Bp3IC4l6jNBvreVPAHmpq9qhXQM7CXZPjLVmGMw9sy+hxQ3w=="],

    "@types/react-dom": ["@types/react-dom@19.2.5", "", { "peerDependencies": { "@types/react": "^19.2.0" } }, "sha512-fMPwH9v7r/pp43yUd2/Mbiex5KouJwwR3dzHkhLREUC6764VyDsqxhAxv6OFEYR1RhjOyD1naqba8ECDBe7ZQg=="],

    "@types/unist": ["@types/unist@3.0.3", "", {}, "sha512-ko/gIFJRv177XgZsZcBwnqJN5x/Gien8qNOn0D5bQU/zAzVf9Zt3BlcUiLqhV9y4ARk0GbT3tnUiPNgnTXzc/Q=="],

    "@vitejs/plugin-react": ["@vitejs/plugin-react@6.1.0", "", { "dependencies": { "@rolldown/pluginutils": "^1.0.1" }, "peerDependencies": { "@rolldown/plugin-babel": "^0.1.7 || ^0.2.0", "babel-plugin-react-compiler": "^1.0.0", "oxc-transform-react": "^0.145.0", "vite": "^8.0.0" }, "optionalPeers": ["@rolldown/plugin-babel", "babel-plugin-react-compiler", "oxc-transform-react"] }, "sha512-qd2BzUBehkov86WFhg0JkEFEYyCLG9uPCe6qWTY/kRlss9OvJrOF2UbIWT7p+8IzZHkEu0DNGHc4HSv+JdDLsw=="],

    "@vue/reactivity": ["@vue/reactivity@3.5.41", "", { "dependencies": { "@vue/shared": "3.5.41" } }, "sha512-rznsqKM0np0x18EjzF8x88MpEhdNsffbvFbckLL5+oUKz1BxAImEmO7J1ArRYSyo6aQaVoBDp7jEkT91OOxydA=="],

    "@vue/shared": ["@vue/shared@3.5.41", "", {}, "sha512-IOnwSCma8j+9xJT6b8H0dEYidC80NsYmNMlZxRsukYcSoGaDBohog5hDxzeUXdFeGWFA++vWvxqOmrr96VlqMA=="],

    "@xterm/addon-fit": ["@xterm/addon-fit@0.11.0", "", {}, "sha512-jYcgT6xtVYhnhgxh3QgYDnnNMYTcf8ElbxxFzX0IZo+vabQqSPAjC3c1wJrKB5E19VwQei89QCiZZP86DCPF7g=="],

    "@xterm/xterm": ["@xterm/xterm@6.0.0", "", {}, "sha512-TQwDdQGtwwDt+2cgKDLn0IRaSxYu1tSUjgKarSDkUM0ZNiSRXFpjxEsvc/Zgc5kq5omJ+V0a8/kIM2WD3sMOYg=="],

    "bun-types": ["bun-types@1.4.0", "", { "dependencies": { "@types/node": "*" } }, "sha512-iIKw23BspnQQYd3prITOBxeUsxBHnwzX6YJfGMuNOZzeNcMmVqzIIVGRm1l69ogaPQmb4wB6BN8mA5bE9YuC5Q=="],

    "csstype": ["csstype@3.2.3", "", {}, "sha512-z1HGKcYy2xA8AGQfwrn0PAy+PB7X/GSj3UVJW9qKyn43xWa+gl5nXmU4qqLMRzWVLFC8KusUX8T/0kCiOYpAIQ=="],

    "dequal": ["dequal@2.0.3", "", {}, "sha512-0je+qPKHEMohvfRTCEo3CrPG6cAzAYgmzKyxRiYSSDkS6eGJdyVJm7WaYA5ECaAD9wLB2T4EEeymA5aFVcYXCA=="],

    "detect-libc": ["detect-libc@2.1.2", "", {}, "sha512-Btj2BOOO83o3WyH59e8MgXsxEQVcarkUOpEYrubB0urwnN10yQ364rsiByU11nZlqWYZm05i/of7io4mzihBtQ=="],

    "devlop": ["devlop@1.1.0", "", { "dependencies": { "dequal": "^2.0.0" } }, "sha512-RWmIqhcFf1lRYBvNmr7qTNuyCt/7/ns2jbpp1+PalgE/rDQcBT0fioSMUpJ93irlUhC5hrg4cYqe6U+0ImW0rA=="],

    "effect": ["effect@3.22.1", "", { "dependencies": { "@standard-schema/spec": "^1.0.0", "fast-check": "^3.23.1" } }, "sha512-TNoXushmPOBAjJlthF5d2QwnX2xBPEtcNJr5XKNKbRLbDvBcOYkXlYDfvGfSA0zriwLFuCll5MDtNMAdZL17PQ=="],

    "events": ["events@3.3.0", "", {}, "sha512-mQw+2fkQbALzQ7V0MY0IqdnXNOeTtP4r0lN9z7AAawCXgqea7bDii20AYrIBrFd/Hx0M2Ocz6S111CaFkUcb0Q=="],

    "fast-check": ["fast-check@3.23.2", "", { "dependencies": { "pure-rand": "^6.1.0" } }, "sha512-h5+1OzzfCC3Ef7VbtKdcv7zsstUQwUDlYpUTvjeUsJAssPgLn7QzbboPtL5ro04Mq0rPOsMzl7q5hIbRs2wD1A=="],

    "fast-diff": ["fast-diff@1.3.0", "", {}, "sha512-VxPP4NqbUjj6MaAOafWeUn2cXWLcCtljklUtZf0Ind4XQ+QPtmA0b18zZy0jIQx+ExRVCR/ZQpBmik5lXshNsw=="],

    "fdir": ["fdir@6.5.0", "", { "peerDependencies": { "picomatch": "^3 || ^4" }, "optionalPeers": ["picomatch"] }, "sha512-tIbYtZbucOs0BRGqPJkshJUYdL+SDH7dVM8gjy+ERp3WAUjLEFJE+02kanyHtwjWOnwrKYBiwAmM0p4kLJAnXg=="],

    "find-my-way-ts": ["find-my-way-ts@0.1.6", "", {}, "sha512-a85L9ZoXtNAey3Y6Z+eBWW658kO/MwR7zIafkIUPUMf3isZG0NCs2pjW2wtjxAKuJPxMAsHUIP4ZPGv0o5gyTA=="],

    "fsevents": ["fsevents@2.3.3", "", { "os": "darwin" }, "sha512-5xoDfX+fL7faATnagmWPpbFtwh/R77WmMMqqHGS65C3vvB0YHrgF+B1YmZ3441tMj5n63k0212XNoJwzlhffQw=="],

    "highlight.js": ["highlight.js@11.12.0", "", {}, "sha512-nbfWpyRMcMrPMmDwJB+dhX/eiaPKtc2RB+0QZskqJ3WjRA/FDS0e9hZrx8EC/lbEv8gXy98FcDbNa/dspAaJMg=="],

    "is-extglob": ["is-extglob@2.1.1", "", {}, "sha512-SbKbANkN603Vi4jEZv49LeVJMn4yGwsbzZworEoyEiutsN3nJYdbO36zfhGJ6QEDpOZIFkDtnq5JRxmvl3jsoQ=="],

    "is-glob": ["is-glob@4.0.3", "", { "dependencies": { "is-extglob": "^2.1.1" } }, "sha512-xelSayHH36ZgE7ZWhli7pW34hNbNl8Ojv5KVmkJD4hBdD3th8Tfk9vYasLM+mXWOZhFkgZfxhLSnrwRr4elSSg=="],

    "jose": ["jose@6.2.11", "", {}, "sha512-A5NPn7g8EAzGU3IzRs+Yiq8K5n3ypYS75M5+KKiVHdUexfpWK1kP4ZMq7QnTGDoMj6TJ1dtcEJjW60yZDXS4hg=="],

    "kubernetes-types": ["kubernetes-types@1.30.0", "", {}, "sha512-Dew1okvhM/SQcIa2rcgujNndZwU8VnSapDgdxlYoB84ZlpAD43U6KLAFqYo17ykSFGHNPrg0qry0bP+GJd9v7Q=="],

    "lightningcss": ["lightningcss@1.33.0", "", { "dependencies": { "detect-libc": "^2.0.3" }, "optionalDependencies": { "lightningcss-android-arm64": "1.33.0", "lightningcss-darwin-arm64": "1.33.0", "lightningcss-darwin-x64": "1.33.0", "lightningcss-freebsd-x64": "1.33.0", "lightningcss-linux-arm-gnueabihf": "1.33.0", "lightningcss-linux-arm64-gnu": "1.33.0", "lightningcss-linux-arm64-musl": "1.33.0", "lightningcss-linux-x64-gnu": "1.33.0", "lightningcss-linux-x64-musl": "1.33.0", "lightningcss-win32-arm64-msvc": "1.33.0", "lightningcss-win32-x64-msvc": "1.33.0" } }, "sha512-WkUDrojuJs0xkgGf2udWxa3yGBRxPtxUkB79i6aCZLRgc7PM8fZe9TosfPDcvEpQZbuFASnHYmRLBLUbmLOIIA=="],

    "lightningcss-android-arm64": ["lightningcss-android-arm64@1.33.0", "", { "os": "android", "cpu": "arm64" }, "sha512-gEpRTalKdosp4Bb8qWtc2iOgE5SeIHlpS1up9bFq2wAyYhl1UdTObYiHe98zEM9SQvSoqQZ1IQD0JNpg3Ml5pg=="],

    "lightningcss-darwin-arm64": ["lightningcss-darwin-arm64@1.33.0", "", { "os": "darwin", "cpu": "arm64" }, "sha512-Sciaz8eenNTKn9b3t7+xr0ipTp9YxKQY4npwQ3mrRuL0BAVHBLyZxofhaKBAVtzmtRZ/zTyo0/to4B1uWG/Djg=="],

    "lightningcss-darwin-x64": ["lightningcss-darwin-x64@1.33.0", "", { "os": "darwin", "cpu": "x64" }, "sha512-Z5UPAxzrjlWNNyGy6i65cJzzvgJ5D3T6wMvs+gWpY9d7qRhANrxqAp6LhxIgZhWEw18RfJTGcRxjuLIBr+m8XQ=="],

    "lightningcss-freebsd-x64": ["lightningcss-freebsd-x64@1.33.0", "", { "os": "freebsd", "cpu": "x64" }, "sha512-QQM/Ti/hQajJwCY+RiWuCZ9sdtI/XQk7nDK5vC8kkdwixezOlDgvDx7+RT+QjK6FcFT4MpsuoBnHIo/O3StRRg=="],

    "lightningcss-linux-arm-gnueabihf": ["lightningcss-linux-arm-gnueabihf@1.33.0", "", { "os": "linux", "cpu": "arm" }, "sha512-N7FVBe6iS24MlM6R/4RBTxGhQheZGs7tiQ9U32UtF75NzP5Q7xWPRqLBCKxlRQRk3rY1jCIPLzx7WzOhuUIRLQ=="],

    "lightningcss-linux-arm64-gnu": ["lightningcss-linux-arm64-gnu@1.33.0", "", { "os": "linux", "cpu": "arm64" }, "sha512-j2v/itmy4HlNxlc6voKXYgBqNi0Ng2LShg4z7GufpEgs05P+2suBVyi9I6YHq5uoVFx9ETin3eCEhLVyXGQnKg=="],

    "lightningcss-linux-arm64-musl": ["lightningcss-linux-arm64-musl@1.33.0", "", { "os": "linux", "cpu": "arm64" }, "sha512-yiO5ROMuYQgXbC60yjZU5CYSFZGKXL0HFATXt9mHJn1+zW55oCtMI9NfcVhYLMFDL7gV7oBPon/EmMMGg2OvtQ=="],

    "lightningcss-linux-x64-gnu": ["lightningcss-linux-x64-gnu@1.33.0", "", { "os": "linux", "cpu": "x64" }, "sha512-ar+Ju7LmcN0Jo4FpL4hpFybwNG9/3A/Br5KW2n2jyODg3MEZXaDYADdemoNS+BDNfMgKvylJLj4S5tyRActuAg=="],

    "lightningcss-linux-x64-musl": ["lightningcss-linux-x64-musl@1.33.0", "", { "os": "linux", "cpu": "x64" }, "sha512-RYiYbkokw0trfKqqzfF55lginwEPrD3OJDfTuJzFs1MK6iFnDenaz1fqLLtX4ITG3OktJQXOeTaw1awrBAlZPw=="],

    "lightningcss-win32-arm64-msvc": ["lightningcss-win32-arm64-msvc@1.33.0", "", { "os": "win32", "cpu": "arm64" }, "sha512-1K+MPfLSFVpphzpdbfkhlWk6wBrTObBzS2T6db10PNOZgR9GoVsAWzwNyuhUYYbTp23j+4RrncfujZ4uAzXvwA=="],

    "lightningcss-win32-x64-msvc": ["lightningcss-win32-x64-msvc@1.33.0", "", { "os": "win32", "cpu": "x64" }, "sha512-OlEICDx/Xl0FqSp4bry8zFnCvGpig3Gl4gCquvYwHuqJKEC1+n9NgDniFvqHGmMv1ZkqDJrDqKKSykTDX+ehuA=="],

    "livekit-client": ["livekit-client@2.22.2", "", { "dependencies": { "@livekit/mutex": "1.1.1", "@livekit/protocol": "1.50.4", "events": "^3.3.0", "jose": "^6.1.0", "loglevel": "^1.9.2", "machina": "^7.0.0", "sdp-transform": "^2.15.0", "tslib": "2.8.1", "typed-emitter": "^2.1.0", "webrtc-adapter": "9.0.6" }, "peerDependencies": { "@types/dom-mediacapture-record": "^1" } }, "sha512-o3yLYoH2eHVR/DmIZzgC96FMvtR4+g/DjeqNwS5zp12EjqrqiRULxm6Oq/YsTE97WnA6fhy23+a2hGkbce5SPA=="],

    "loglevel": ["loglevel@1.9.2", "", {}, "sha512-HgMmCqIJSAKqo68l0rS2AanEWfkxaZ5wNiEFb5ggm08lDs9Xl2KxBlX3PTcaD2chBM1gXAYf491/M2Rv8Jwayg=="],

    "lowlight": ["lowlight@3.3.0", "", { "dependencies": { "@types/hast": "^3.0.0", "devlop": "^1.0.0", "highlight.js": "~11.11.0" } }, "sha512-0JNhgFoPvP6U6lE/UdVsSq99tn6DhjjpAj5MxG49ewd2mOBVtwWYIT8ClyABhq198aXXODMU6Ox8DrGy/CpTZQ=="],

    "lucide-react": ["lucide-react@1.39.0", "", { "peerDependencies": { "react": "^16.5.1 || ^17.0.0 || ^18.0.0 || ^19.0.0" } }, "sha512-y8nXoEwvqqIsF927NBWXODa4bfMrcUeEb/9sgpwFqg0gUjgn3j5Hznk+v7STmPgZ2iQ11JKlbQGdFRuTOwvYkA=="],

    "machina": ["machina@7.0.1", "", {}, "sha512-0Xkgs8NeBvO2hW6bjJT8ewLWrMfh1haMPstaghpASWjXkLjRhtDiaJG1Kb7mslaOHxZYxpH7PIjpmirRVYbMMA=="],

    "msgpackr": ["msgpackr@1.12.1", "", { "optionalDependencies": { "msgpackr-extract": "^3.0.2" } }, "sha512-4EUH9tQHnMmEgzW/MdAP0KIfa1T9AF+htl0ffe2n5vb2EKn9y2co8ccpgWko6S52Jy1PQZKwRnx5/KkYjtd9MQ=="],

    "msgpackr-extract": ["msgpackr-extract@3.0.4", "", { "dependencies": { "node-gyp-build-optional-packages": "5.2.2" }, "optionalDependencies": { "@msgpackr-extract/msgpackr-extract-darwin-arm64": "3.0.4", "@msgpackr-extract/msgpackr-extract-darwin-x64": "3.0.4", "@msgpackr-extract/msgpackr-extract-linux-arm": "3.0.4", "@msgpackr-extract/msgpackr-extract-linux-arm64": "3.0.4", "@msgpackr-extract/msgpackr-extract-linux-x64": "3.0.4", "@msgpackr-extract/msgpackr-extract-win32-x64": "3.0.4" }, "bin": { "download-msgpackr-prebuilds": "bin/download-prebuilds.js" } }, "sha512-4kmO/MdyUIkLIvTPr8VHLil4AtoKIoniWPIEk5+CDy0xnWC84azhSFmuJ7PxZdsYtiP5kEeQsORAVIeMgxT+Hw=="],

    "multipasta": ["multipasta@0.2.8", "", {}, "sha512-ZPWuMKyv0cSO29f7hozp+k6+crZbQijV8ipMvxNxRf2SwtYGTX1ZX89Kd20VV4H9Znonx+EQn+iy1wGQsJ+b+Q=="],

    "nanoid": ["nanoid@3.3.18", "", { "bin": { "nanoid": "bin/nanoid.cjs" } }, "sha512-DTg4MJbGMWkfi6VZFdNt2/caMbQy4Ou+Op/hJQvGEWcnVfoA1QA+xzRKAzw9jD6+GVOOeYr/mIcuDSdug6F6+w=="],

    "node-addon-api": ["node-addon-api@7.1.1", "", {}, "sha512-5m3bsyrjFWE1xf7nz7YXdN4udnVtXK6/Yfgn5qnahL6bCkf2yKt4k3nuTKAtT4r3IG8JNR2ncsIMdZuAzJjHQQ=="],

    "node-gyp-build-optional-packages": ["node-gyp-build-optional-packages@5.2.2", "", { "dependencies": { "detect-libc": "^2.0.1" }, "bin": { "node-gyp-build-optional-packages": "bin.js", "node-gyp-build-optional-packages-optional": "optional.js", "node-gyp-build-optional-packages-test": "build-test.js" } }, "sha512-s+w+rBWnpTMwSFbaE0UXsRlg7hU4FjekKU4eyAih5T8nJuNZT1nNsskXpxmeqSK9UzkBl6UgRlnKc8hz8IEqOw=="],

    "oxfmt": ["oxfmt@0.64.0", "", { "dependencies": { "tinypool": "2.1.0" }, "optionalDependencies": { "@oxfmt/binding-android-arm-eabi": "0.64.0", "@oxfmt/binding-android-arm64": "0.64.0", "@oxfmt/binding-darwin-arm64": "0.64.0", "@oxfmt/binding-darwin-x64": "0.64.0", "@oxfmt/binding-freebsd-x64": "0.64.0", "@oxfmt/binding-linux-arm-gnueabihf": "0.64.0", "@oxfmt/binding-linux-arm-musleabihf": "0.64.0", "@oxfmt/binding-linux-arm64-gnu": "0.64.0", "@oxfmt/binding-linux-arm64-musl": "0.64.0", "@oxfmt/binding-linux-ppc64-gnu": "0.64.0", "@oxfmt/binding-linux-riscv64-gnu": "0.64.0", "@oxfmt/binding-linux-riscv64-musl": "0.64.0", "@oxfmt/binding-linux-s390x-gnu": "0.64.0", "@oxfmt/binding-linux-x64-gnu": "0.64.0", "@oxfmt/binding-linux-x64-musl": "0.64.0", "@oxfmt/binding-openharmony-arm64": "0.64.0", "@oxfmt/binding-win32-arm64-msvc": "0.64.0", "@oxfmt/binding-win32-ia32-msvc": "0.64.0", "@oxfmt/binding-win32-x64-msvc": "0.64.0" }, "peerDependencies": { "svelte": "^5.0.0", "vite-plus": "*" }, "optionalPeers": ["svelte", "vite-plus"], "bin": { "oxfmt": "bin/oxfmt" } }, "sha512-XZ4GFBN/PLbXKq+0zrgpQfPKYuJlUuj+nzZJY7UpIbFMNyefNLCdN9EwViycNqnYcv0wrn0jXcQLlqJp8RCKBg=="],

    "oxlint": ["oxlint@1.79.0", "", { "optionalDependencies": { "@oxlint/binding-android-arm-eabi": "1.79.0", "@oxlint/binding-android-arm64": "1.79.0", "@oxlint/binding-darwin-arm64": "1.79.0", "@oxlint/binding-darwin-x64": "1.79.0", "@oxlint/binding-freebsd-x64": "1.79.0", "@oxlint/binding-linux-arm-gnueabihf": "1.79.0", "@oxlint/binding-linux-arm-musleabihf": "1.79.0", "@oxlint/binding-linux-arm64-gnu": "1.79.0", "@oxlint/binding-linux-arm64-musl": "1.79.0", "@oxlint/binding-linux-ppc64-gnu": "1.79.0", "@oxlint/binding-linux-riscv64-gnu": "1.79.0", "@oxlint/binding-linux-riscv64-musl": "1.79.0", "@oxlint/binding-linux-s390x-gnu": "1.79.0", "@oxlint/binding-linux-x64-gnu": "1.79.0", "@oxlint/binding-linux-x64-musl": "1.79.0", "@oxlint/binding-openharmony-arm64": "1.79.0", "@oxlint/binding-win32-arm64-msvc": "1.79.0", "@oxlint/binding-win32-ia32-msvc": "1.79.0", "@oxlint/binding-win32-x64-msvc": "1.79.0" }, "peerDependencies": { "oxlint-tsgolint": ">=7.0.2001", "vite-plus": "*" }, "optionalPeers": ["oxlint-tsgolint", "vite-plus"], "bin": { "oxlint": "bin/oxlint" } }, "sha512-hVJ9hq9m2unPS+Of4eJJgCPdIeCC+3DHEUX3tkmrPJr3OK2hz7PhXwgC+ZP71ZcYu8cCDEtQrqLxWNvxBppBVg=="],

    "oxlint-tsgolint": ["oxlint-tsgolint@7.0.2001", "", { "optionalDependencies": { "@oxlint-tsgolint/darwin-arm64": "7.0.2001", "@oxlint-tsgolint/darwin-x64": "7.0.2001", "@oxlint-tsgolint/linux-arm64": "7.0.2001", "@oxlint-tsgolint/linux-x64": "7.0.2001", "@oxlint-tsgolint/win32-arm64": "7.0.2001", "@oxlint-tsgolint/win32-x64": "7.0.2001" }, "bin": { "tsgolint": "./bin/tsgolint.js" } }, "sha512-KjK/XLcXr1DSyonKhsuFqJRiuKqcyG9j3LJ8nkOsrLzGvodBPqzHOKauy10asLMDI0sUpvb+1sxlzff3udZvfg=="],

    "picocolors": ["picocolors@1.1.1", "", {}, "sha512-xceH2snhtb5M9liqDsmEw56le376mTZkEX/jEb/RxNFyegNul7eNslCXP9FDj/Lcu0X8KEyMceP2ntpaHrDEVA=="],

    "picomatch": ["picomatch@4.0.5", "", {}, "sha512-RvwwcruNjI1ncT5xRakeyS9Lf8lcItv34KD+aif+VH9kduAyfYBipGh12274xtenIPZ119/R9BdTBa8gAwSh0A=="],

    "postcss": ["postcss@8.5.26", "", { "dependencies": { "nanoid": "^3.3.17", "picocolors": "^1.1.1", "source-map-js": "^1.2.1" } }, "sha512-u82N74LFzG8ca+dD8puPnplTXoGH4fTPpVGuIbt36G3qvNlkvfD0lEAZSxaly3KX8TS/L1A1gsCEmvKmBcVbkQ=="],

    "pure-rand": ["pure-rand@6.1.0", "", {}, "sha512-bVWawvoZoBYpp6yIoQtQXHZjmz35RSVHnUOTefl8Vcjr8snTPY1wnpSPMWekcFwbxI6gtmT7rSYPFvz71ldiOA=="],

    "react": ["react@19.2.8", "", {}, "sha512-PWaYA1L/q9u2u7xYQi+Y3L3Yfnie7XyLeaJICV1MGD6LprsBxcAqGjYyr0eY3p+QdsA+x/Irkt4Qif8D63+Sbw=="],

    "react-dom": ["react-dom@19.2.8", "", { "dependencies": { "scheduler": "^0.27.0" }, "peerDependencies": { "react": "^19.2.8" } }, "sha512-rVprimfGBG3DR+Tq0IQG2DT5PxKth1WIGDmj5yPmlzr4YBe7uyE+Du4oVqTDXZSHGGGXRtTJEGSSePyQCMBglQ=="],

    "reactivity-store": ["reactivity-store@0.4.0", "", { "dependencies": { "@vue/reactivity": "~3.5.30", "@vue/shared": "~3.5.30", "use-sync-external-store": "^1.6.0" }, "peerDependencies": { "react": "^16.8.0 || ^17.0.0 || ^18.0.0 || ^19.0.0" } }, "sha512-uL9uoREOBg2o4zUa8vMU0AbvAOk0osPloizscmyZqMvJzcuuKX3ELFYYr1DX8gAcfvlhPduz4QuLZn1eChCu4Q=="],

    "rolldown": ["rolldown@1.2.5", "", { "dependencies": { "@oxc-project/types": "=0.146.0", "@rolldown/pluginutils": "^1.0.0" }, "optionalDependencies": { "@rolldown/binding-android-arm-eabi": "1.2.5", "@rolldown/binding-android-arm64": "1.2.5", "@rolldown/binding-darwin-arm64": "1.2.5", "@rolldown/binding-darwin-x64": "1.2.5", "@rolldown/binding-freebsd-x64": "1.2.5", "@rolldown/binding-linux-arm-gnueabihf": "1.2.5", "@rolldown/binding-linux-arm64-gnu": "1.2.5", "@rolldown/binding-linux-arm64-musl": "1.2.5", "@rolldown/binding-linux-ppc64-gnu": "1.2.5", "@rolldown/binding-linux-s390x-gnu": "1.2.5", "@rolldown/binding-linux-x64-gnu": "1.2.5", "@rolldown/binding-linux-x64-musl": "1.2.5", "@rolldown/binding-openharmony-arm64": "1.2.5", "@rolldown/binding-win32-arm64-msvc": "1.2.5", "@rolldown/binding-win32-x64-msvc": "1.2.5" }, "bin": { "rolldown": "./bin/cli.mjs" } }, "sha512-VD2IE5PUG4Oj8zz2VGykiYd5wbnjdIiSsNQb8Qu5B+noEp+A78mu2iVvpp27g8es14Tk9rofNs5Tku9iQCS4fA=="],

    "rxjs": ["rxjs@7.8.2", "", { "dependencies": { "tslib": "^2.1.0" } }, "sha512-dhKf903U/PQZY6boNNtAGdWbG85WAbjT/1xYoZIC7FAY0yWapOBQVsVrDl58W86//e1VpMNBtRV4MaXfdMySFA=="],

    "scheduler": ["scheduler@0.27.0", "", {}, "sha512-eNv+WrVbKu1f3vbYJT/xtiF5syA5HPIMtf9IgY/nKg0sWqzAUEvqY/xm7OcZc/qafLx/iO9FgOmeSAp4v5ti/Q=="],

    "sdp": ["sdp@3.2.2", "", {}, "sha512-xZocWwfyp4hkbN4hLWxMjmv2Q8aNa9MhmOZ7L9aCZPT+dZsgRr6wZRrSYE3HTdyk/2pZKPSgqI7ns7Een1xMSA=="],

    "sdp-transform": ["sdp-transform@2.15.0", "", { "bin": { "sdp-verify": "checker.js" } }, "sha512-KrOH82c/W+GYQ0LHqtr3caRpM3ITglq3ljGUIb8LTki7ByacJZ9z+piSGiwZDsRyhQbYBOBJgr2k6X4BZXi3Kw=="],

    "source-map-js": ["source-map-js@1.2.1", "", {}, "sha512-UXWMKhLOwVKb728IUtQPXxfYU+usdybtUrK/8uGE8CQMvrhOpwvzDBwj0QhSL7MQc7vIsISBG8VQ8+IDQxpfQA=="],

    "tinyglobby": ["tinyglobby@0.2.17", "", { "dependencies": { "fdir": "^6.5.0", "picomatch": "^4.0.4" } }, "sha512-wXR/dYpcqKmfWpEdZjiKJOwCNFndD0DMnrW/cYjVGttEkBfVgcLFHoNrlj47mjOVic9yyNu65alsgF4NQyTa2g=="],

    "tinypool": ["tinypool@2.1.0", "", {}, "sha512-Pugqs6M0m7Lv1I7FtxN4aoyToKg1C4tu+/381vH35y8oENM/Ai7f7C4StcoK4/+BSw9ebcS8jRiVrORFKCALLw=="],

    "tslib": ["tslib@2.8.1", "", {}, "sha512-oJFu94HQb+KVduSUQL7wnpmqnfmLsOA/nAh6b6EH0wCEoK0/mPeXU6c3wKDV83MkOuHPRHtSXKKU99IBazS/2w=="],

    "typed-emitter": ["typed-emitter@2.1.0", "", { "optionalDependencies": { "rxjs": "*" } }, "sha512-g/KzbYKbH5C2vPkaXGu8DJlHrGKHLsM25Zg9WuC9pMGfuvT+X25tZQWo5fK1BjBm8+UrVE9LDCvaY0CQk+fXDA=="],

    "typescript": ["typescript@5.8.3", "", { "bin": { "tsc": "bin/tsc", "tsserver": "bin/tsserver" } }, "sha512-p1diW6TqL9L07nNxvRMM7hMMw4c5XOo/1ibL4aAIGmSAt9slTE1Xgw5KWuof2uTOvCg9BY7ZRi+GaF+7sfgPeQ=="],

    "undici-types": ["undici-types@8.3.0", "", {}, "sha512-j375ScV60dom+YkPFIfTLcOiPxkN/buHz5GobjLhixFuANaNs3C9l4GmrWqejgXWJ7BbJcFYpTEUkS1Ge8bpZQ=="],

    "use-sync-external-store": ["use-sync-external-store@1.6.0", "", { "peerDependencies": { "react": "^16.8.0 || ^17.0.0 || ^18.0.0 || ^19.0.0" } }, "sha512-Pp6GSwGP/NrPIrxVFAIkOQeyw8lFenOHijQWkUTrDvrF4ALqylP2C/KCkeS9dpUM3KvYRQhna5vt7IL95+ZQ9w=="],

    "uuid": ["uuid@11.1.1", "", { "bin": { "uuid": "dist/esm/bin/uuid" } }, "sha512-vIYxrBCC/N/K+Js3qSN88go7kIfNPssr/hHCesKCQNAjmgvYS2oqr69kIufEG+O4+PfezOH4EbIeHCfFov8ZgQ=="],

    "vite": ["vite@8.2.2", "", { "dependencies": { "lightningcss": "^1.33.0", "picomatch": "^4.0.5", "postcss": "^8.5.26", "rolldown": "~1.2.4", "tinyglobby": "^0.2.17" }, "optionalDependencies": { "fsevents": "~2.3.3" }, "peerDependencies": { "@types/node": "^20.19.0 || >=22.12.0", "@vitejs/devtools": "^0.4.0 || ^0.5.0", "esbuild": "^0.27.0 || ^0.28.0", "jiti": ">=1.21.0", "less": "^4.0.0", "sass": "^1.70.0", "sass-embedded": "^1.70.0", "stylus": ">=0.54.8", "sugarss": "^5.0.0", "terser": "^5.16.0", "tsx": "^4.8.1", "yaml": "^2.4.2" }, "optionalPeers": ["@types/node", "@vitejs/devtools", "esbuild", "jiti", "less", "sass", "sass-embedded", "stylus", "sugarss", "terser", "tsx", "yaml"], "bin": { "vite": "bin/vite.js" } }, "sha512-cFKLV/PRgAUlIRm5WjMjJ86jrftzpqcgH+Us+DS8mI3CDNiH30Whrz8uHL3+MOLPAgqbMBAqWdAHAphOAM+z/Q=="],

    "webrtc-adapter": ["webrtc-adapter@9.0.6", "", { "dependencies": { "sdp": "^3.2.0" } }, "sha512-CHbl2ZQbxx164IgWRgzJno4hWtM4tFbRam1QfI3Yxhs3w/DvqluVxVWeXs3oL5/fbGkSNLKo0Ty5MgUWceNhog=="],

    "ws": ["ws@8.21.3", "", { "peerDependencies": { "bufferutil": "^4.0.1", "utf-8-validate": ">=5.0.2" }, "optionalPeers": ["bufferutil", "utf-8-validate"] }, "sha512-201TZ/kPWxoPr/OKWjquZR1SWKXcvxdH+e1xrx89b3YbmzLMFCLfnaG1HFIgWzJOEWZ7MvpK++odZufgYR50Rw=="],

    "lowlight/highlight.js": ["highlight.js@11.11.2", "", {}, "sha512-oaXMACAU0kzOMXBjWpNcX+vlwSBCIAiZ9BHa7gA15NOTtT2L/l8OSZDuqS2XppOhZBPJ7hm4o8ep2kyuip2uEQ=="],
  }
}
