{
  "lockfileVersion": 1,
  "configVersion": 1,
  "workspaces": {
    "": {
      "name": "ao-live-herdr-command-centre",
      "dependencies": {
        "@opentui/core": "0.4.5",
      },
      "devDependencies": {
        "@types/bun": "latest",
        "oxfmt": "0.7.0",
        "oxlint": "0.15.0",
        "typescript": "5.8.3",
      },
    },
  },
  "packages": {
    "@opentui/core": ["@opentui/core@0.4.5", "", { "dependencies": { "bun-ffi-structs": "0.2.4", "diff": "9.0.0", "marked": "17.0.1", "string-width": "7.2.0", "strip-ansi": "7.1.2" }, "optionalDependencies": { "@opentui/core-darwin-arm64": "0.4.5", "@opentui/core-darwin-x64": "0.4.5", "@opentui/core-linux-arm64": "0.4.5", "@opentui/core-linux-arm64-musl": "0.4.5", "@opentui/core-linux-x64": "0.4.5", "@opentui/core-linux-x64-musl": "0.4.5", "@opentui/core-win32-arm64": "0.4.5", "@opentui/core-win32-x64": "0.4.5" }, "peerDependencies": { "web-tree-sitter": "0.25.10" } }, "sha512-JsgRTPkA6e+Vxmumxai6SElOSlRQkbzNKHlCfemlArRiLhfC1IZ9RXJo2QH4xSu+uBOWAM90uss73/pPlkdEig=="],

    "@opentui/core-darwin-arm64": ["@opentui/core-darwin-arm64@0.4.5", "", { "os": "darwin", "cpu": "arm64" }, "sha512-8KUG0oRidnR+oW1RSZJ72/PhZLl+qRRMk5U/mieF4c0SJ5V3tYACpBZAKzQfHNd1f7QzD8FHZct1lPpQgtmkWg=="],

    "@opentui/core-darwin-x64": ["@opentui/core-darwin-x64@0.4.5", "", { "os": "darwin", "cpu": "x64" }, "sha512-R2bocsg55gwjOqCp/MWFgFYzRmsduKegB6nzgFAPCvAD/L5Jf30xpWJWFlSg3x8vxe1L9WJ84dfqa4M7mZZ3wA=="],

    "@opentui/core-linux-arm64": ["@opentui/core-linux-arm64@0.4.5", "", { "os": "linux", "cpu": "arm64" }, "sha512-R4MZ25a4CzOAGVjW9aj1hUfzQGVfCJwrwBDbNs2SXaIvzcZqkxCVtU4FoQ5LsaD0j/BdNQVg2CIfFkFsm1fDuQ=="],

    "@opentui/core-linux-arm64-musl": ["@opentui/core-linux-arm64-musl@0.4.5", "", { "os": "linux", "cpu": "arm64" }, "sha512-ieqdyKI6EIYPalYAETB2wsdP83hr5Ifi+dFnBFUmdEEFHsoKwBmn2S7bsTOYlX7Bg03F4/YPIg+IvRpeC+cUJw=="],

    "@opentui/core-linux-x64": ["@opentui/core-linux-x64@0.4.5", "", { "os": "linux", "cpu": "x64" }, "sha512-SNyuQoxMKI1vuJhgxSSW96adWM6LqFl2SoS3GM4tGeneGOanVVG2Y06PvlytXvF4cKik97t0rqkVMRetmOs93w=="],

    "@opentui/core-linux-x64-musl": ["@opentui/core-linux-x64-musl@0.4.5", "", { "os": "linux", "cpu": "x64" }, "sha512-mKVKcIcPiSVVZZsdPSBoWwoa2/TCeQAaMDeHF7PFw2kt5bTXZPP7xxWfRQLCNIcA1eaGl59UuwUWHDR2Ve548Q=="],

    "@opentui/core-win32-arm64": ["@opentui/core-win32-arm64@0.4.5", "", { "os": "win32", "cpu": "arm64" }, "sha512-GHTTsqeR45q2Iek9Rb7ty+x/hAKn2jZ1ujlCgPR8LBKyF7h0E1dNFryoZ7ehMc3kJndP1sKn836IemKFqxuDdQ=="],

    "@opentui/core-win32-x64": ["@opentui/core-win32-x64@0.4.5", "", { "os": "win32", "cpu": "x64" }, "sha512-Y8T/yXCDGagRGiQrtmuB6AhRcPucKFs/Dre3v8kJwNYqDccI4FzUPKclZ7djfmRZNjl7JUqPhZZP/PwDpQocMg=="],

    "@oxfmt/darwin-arm64": ["@oxfmt/darwin-arm64@0.7.0", "", { "os": "darwin", "cpu": "arm64" }, "sha512-By831Cju71Etl3VetSrL1DrYcUwYIaKlOt0Icss5zUBUMGy8g2/C6iImVTpccDkPDJEsr1N67adhGqUHisBxqA=="],

    "@oxfmt/darwin-x64": ["@oxfmt/darwin-x64@0.7.0", "", { "os": "darwin", "cpu": "x64" }, "sha512-n6zapQJAbEUQ7SDnJSCVdT9/R47EXE9vvuoDHgIG0+YYcQiRImz4vamoJzfKDPzqPYdxm8ZV6heGeQR9sRwR3w=="],

    "@oxfmt/linux-arm64-gnu": ["@oxfmt/linux-arm64-gnu@0.7.0", "", { "os": "linux", "cpu": "arm64" }, "sha512-Ft0RodFP283zpiB8Qy9Bc3WNTOHAmXaoivreuN5Rg4D8sYpDIPKqfSXtplokVJAgH4oKe62gbiZAgJnKnNpgJA=="],

    "@oxfmt/linux-arm64-musl": ["@oxfmt/linux-arm64-musl@0.7.0", "", { "os": "linux", "cpu": "arm64" }, "sha512-fUjWweHP9HCXmLJGKHL2sTjZic8kZZobb5AdohaME27TernYR9dizkPTsQSTlCXYjIaELtHMBh9EyQNG0u2a/A=="],

    "@oxfmt/linux-x64-gnu": ["@oxfmt/linux-x64-gnu@0.7.0", "", { "os": "linux", "cpu": "x64" }, "sha512-aYo/wc4UzUcMM8p0ilKUyJGhf3ek+FO9+TS87u3oGGPX8mdyzd/5F1aqEiDw5fWO9hN5UIP5So9yiwImGbLSPQ=="],

    "@oxfmt/linux-x64-musl": ["@oxfmt/linux-x64-musl@0.7.0", "", { "os": "linux", "cpu": "x64" }, "sha512-TjUltCTLT4k2MxSmQj84n7L6JJgryn4xG3dxUNSWysi2jxl2SWWerbTECAcAMm6uwCrghj3CrEvAcHbnum3vgQ=="],

    "@oxfmt/win32-arm64": ["@oxfmt/win32-arm64@0.7.0", "", { "os": "win32", "cpu": "arm64" }, "sha512-HuqidvSIQCyMeo4du+rxnamuNgMJQFZs5yQd1eAcSq1HqjKjC5kkn5ZmOZShThj8MbeBv1iJgRy4187pgwkWNQ=="],

    "@oxfmt/win32-x64": ["@oxfmt/win32-x64@0.7.0", "", { "os": "win32", "cpu": "x64" }, "sha512-5XYLd92vJ56PitPuSqxo9uhxHC/FMBQRlenvhoW61UojZ+zjK5u3brIpuK7h7TvqdtSDgyLavvZWl9HIumHfuA=="],

    "@oxlint/darwin-arm64": ["@oxlint/darwin-arm64@0.15.0", "", { "os": "darwin", "cpu": "arm64" }, "sha512-Y4yFRquejyuI/3dyBxLvc8lbwM8Hf/8e0YH9QwQPD9+dgzgOnF818/+OKVE4bDH/V7nWyw4hIQQibMcPvg038g=="],

    "@oxlint/darwin-x64": ["@oxlint/darwin-x64@0.15.0", "", { "os": "darwin", "cpu": "x64" }, "sha512-l0NksXD2HSzb/u7RXH1kPNtwOXevkvS4vH7pMDiSrfIbtZTx10YgiLy5zFkFbipJRLmIZUdG+9JEjepsy9S3Ig=="],

    "@oxlint/linux-arm64-gnu": ["@oxlint/linux-arm64-gnu@0.15.0", "", { "os": "linux", "cpu": "arm64" }, "sha512-Yt2LGRfMwPXrMelEqbbkWFcL50ulAUUqMrfcNYB+H/9S8KF4PSMDRm642VV4949xC3XzkjoL3ZMyKQQKMRWC+Q=="],

    "@oxlint/linux-arm64-musl": ["@oxlint/linux-arm64-musl@0.15.0", "", { "os": "linux", "cpu": "arm64" }, "sha512-+H6CIbejZyE3sc3StoYImqZL3z2zNbv5L547ATLHGyQ5b2JrXMuJ/lqIaNdAa24BehJ6g+/swBIIE5Pk65K3PA=="],

    "@oxlint/linux-x64-gnu": ["@oxlint/linux-x64-gnu@0.15.0", "", { "os": "linux", "cpu": "x64" }, "sha512-e/KSj4fg5EFdK/bJLJjGRzaw2KZdYgr2mTt3k9HF9YIGl0UnBoX5h+q0hJ9scDTNNailT8qytvOjuiUhyJpAPA=="],

    "@oxlint/linux-x64-musl": ["@oxlint/linux-x64-musl@0.15.0", "", { "os": "linux", "cpu": "x64" }, "sha512-lOXNTYw7kelNkJPQlrLlk5E8f/ROZFcGOGR5VKHCI+/53QTX/WY5kMo7JOaRyJ+jnNdeN1HW70oRQPjtAujjxw=="],

    "@oxlint/win32-arm64": ["@oxlint/win32-arm64@0.15.0", "", { "os": "win32", "cpu": "arm64" }, "sha512-Hms4Ld6uAOKpbLq27MUqQzffxd71+pK96mzK3YULrkASzIa7AZdtNlRBqfqVRuXCiuxPxT6PhfcriURwsvD/YA=="],

    "@oxlint/win32-x64": ["@oxlint/win32-x64@0.15.0", "", { "os": "win32", "cpu": "x64" }, "sha512-AF0t15GJLoVcMqvbpHwYFHx2o9HkMuEt6GEipPMZ9gaNx1yp6NrP655jywNzhbKHSd6wxSY+CH7aRI9QjdtG1w=="],

    "@types/bun": ["@types/bun@1.4.0", "", { "dependencies": { "bun-types": "1.4.0" } }, "sha512-K+lZULY23vRgK/CfTjFIV+tyifaNdSMlPh9j+6mQ/cLfpOznLyAuzgV/JQysyECpkBQLVMSyvjlr2fBUSA9wFQ=="],

    "@types/node": ["@types/node@26.2.0", "", { "dependencies": { "undici-types": "~8.3.0" } }, "sha512-5IviulTZeRNp2vAJ514cc/HUlY5nZ9fCbq9DMyC52BrhFZACo3nI0R7qBxhQmo/d27NFe96ur/b7Wwxklda+kg=="],

    "ansi-regex": ["ansi-regex@6.3.0", "", {}, "sha512-WpDfL7NO6j7tH88IDBNVdUJxDh9nmCteAVW9dsep846XdwF4naCBK+/tGLX3KJgcpgMRXCFlTM2hKGoK9FsdrQ=="],

    "bun-ffi-structs": ["bun-ffi-structs@0.2.4", "", { "peerDependencies": { "typescript": "^5" } }, "sha512-AJzsqoVFs1KBbJbWHIYrVZLDC3NhTqqh25awRXqzoLzmBAKr5oqk6+CwuYHAekKx+VBCYVohBoKuRq40dV+TYg=="],

    "bun-types": ["bun-types@1.4.0", "", { "dependencies": { "@types/node": "*" } }, "sha512-iIKw23BspnQQYd3prITOBxeUsxBHnwzX6YJfGMuNOZzeNcMmVqzIIVGRm1l69ogaPQmb4wB6BN8mA5bE9YuC5Q=="],

    "diff": ["diff@9.0.0", "", {}, "sha512-svtcdpS8CgJyqAjEQIXdb3OjhFVVYjzGAPO8WGCmRbrml64SPw/jJD4GoE98aR7r25A0XcgrK3F02yw9R/vhQw=="],

    "emoji-regex": ["emoji-regex@10.6.0", "", {}, "sha512-toUI84YS5YmxW219erniWD0CIVOo46xGKColeNQRgOzDorgBi1v4D71/OFzgD9GO2UGKIv1C3Sp8DAn0+j5w7A=="],

    "get-east-asian-width": ["get-east-asian-width@1.6.0", "", {}, "sha512-QRbvDIbx6YklUe6RxeTeleMR0yv3cYH6PsPZHcnVn7xv7zO1BHN8r0XETu8n6Ye3Q+ahtSarc3WgtNWmehIBfA=="],

    "marked": ["marked@17.0.1", "", { "bin": { "marked": "bin/marked.js" } }, "sha512-boeBdiS0ghpWcSwoNm/jJBwdpFaMnZWRzjA6SkUMYb40SVaN1x7mmfGKp0jvexGcx+7y2La5zRZsYFZI6Qpypg=="],

    "oxfmt": ["oxfmt@0.7.0", "", { "optionalDependencies": { "@oxfmt/darwin-arm64": "0.7.0", "@oxfmt/darwin-x64": "0.7.0", "@oxfmt/linux-arm64-gnu": "0.7.0", "@oxfmt/linux-arm64-musl": "0.7.0", "@oxfmt/linux-x64-gnu": "0.7.0", "@oxfmt/linux-x64-musl": "0.7.0", "@oxfmt/win32-arm64": "0.7.0", "@oxfmt/win32-x64": "0.7.0" }, "bin": { "oxfmt": "bin/oxfmt" } }, "sha512-f9e9EO6iA93hNog2EDUlxqguYSzO+Y0axgu9JJTGgt1ocE8Bp6shdZ8PuI+ePepSOYmYO9UPvZLGKcvzz8BBow=="],

    "oxlint": ["oxlint@0.15.0", "", { "optionalDependencies": { "@oxlint/darwin-arm64": "0.15.0", "@oxlint/darwin-x64": "0.15.0", "@oxlint/linux-arm64-gnu": "0.15.0", "@oxlint/linux-arm64-musl": "0.15.0", "@oxlint/linux-x64-gnu": "0.15.0", "@oxlint/linux-x64-musl": "0.15.0", "@oxlint/win32-arm64": "0.15.0", "@oxlint/win32-x64": "0.15.0" }, "bin": { "oxlint": "bin/oxlint", "oxc_language_server": "bin/oxc_language_server" } }, "sha512-hIED9mcs8c0dnNuQEzXRPXOo09HoOVh60LSD48EQHwcHlcFheMfW5OkLWQvinDkG/1n5qt+zWopQGaKFgmtXPw=="],

    "string-width": ["string-width@7.2.0", "", { "dependencies": { "emoji-regex": "^10.3.0", "get-east-asian-width": "^1.0.0", "strip-ansi": "^7.1.0" } }, "sha512-tsaTIkKW9b4N+AEj+SVA+WhJzV7/zMhcSu78mLKWSk7cXMOSHsBKFWUs0fWwq8QyK3MgJBQRX6Gbi4kYbdvGkQ=="],

    "strip-ansi": ["strip-ansi@7.1.2", "", { "dependencies": { "ansi-regex": "^6.0.1" } }, "sha512-gmBGslpoQJtgnMAvOVqGZpEz9dyoKTCzy2nfz/n8aIFhN/jCE/rCmcxabB6jOOHV+0WNnylOxaxBQPSvcWklhA=="],

    "typescript": ["typescript@5.8.3", "", { "bin": { "tsc": "bin/tsc", "tsserver": "bin/tsserver" } }, "sha512-p1diW6TqL9L07nNxvRMM7hMMw4c5XOo/1ibL4aAIGmSAt9slTE1Xgw5KWuof2uTOvCg9BY7ZRi+GaF+7sfgPeQ=="],

    "undici-types": ["undici-types@8.3.0", "", {}, "sha512-j375ScV60dom+YkPFIfTLcOiPxkN/buHz5GobjLhixFuANaNs3C9l4GmrWqejgXWJ7BbJcFYpTEUkS1Ge8bpZQ=="],

    "web-tree-sitter": ["web-tree-sitter@0.25.10", "", { "peerDependencies": { "@types/emscripten": "^1.40.0" }, "optionalPeers": ["@types/emscripten"] }, "sha512-Y09sF44/13XvgVKgO2cNDw5rGk6s26MgoZPXLESvMXeefBf7i6/73eFurre0IsTW6E14Y0ArIzhUMmjoc7xyzA=="],
  }
}
